
Microsoft Visual Studio Solution File, Format Version 12.00
# Visual Studio Version 17
VisualStudioVersion = 17.0.31903.59
MinimumVisualStudioVersion = 10.0.40219.1
Project("{FAE04EC0-301F-11D3-BF4B-00C04F79EFBC}") = "Backend.API", "Backend.API\Backend.API.csproj", "{B88F773F-76B3-4D41-8F82-EA8B12FB7CBC}"
EndProject
Global
	GlobalSection(SolutionConfigurationPlatforms) = preSolution
		Debug|Any CPU = Debug|Any CPU
		Release|Any CPU = Release|Any CPU
	EndGlobalSection
	GlobalSection(SolutionProperties) = preSolution
		HideSolutionNode = FALSE
	EndGlobalSection
	GlobalSection(ProjectConfigurationPlatforms) = postSolution
		{B88F773F-76B3-4D41-8F82-EA8B12FB7CBC}.Debug|Any CPU.ActiveCfg = Debug|Any CPU
		{B88F773F-76B3-4D41-8F82-EA8B12FB7CBC}.Debug|Any CPU.Build.0 = Debug|Any CPU
		{B88F773F-76B3-4D41-8F82-EA8B12FB7CBC}.Release|Any CPU.ActiveCfg = Release|Any CPU
		{B88F773F-76B3-4D41-8F82-EA8B12FB7CBC}.Release|Any CPU.Build.0 = Release|Any CPU
	EndGlobalSection
EndGlobal
